
Microsoft Visual Studio Solution File, Format Version 12.00
# Visual Studio 15
VisualStudioVersion = 15.0.27428.2002
MinimumVisualStudioVersion = 10.0.40219.1
Project("{9A19103F-16F7-4668-BE54-9A1E7A4F7556}") = "C2T.WebApi", "C2T.WebApi\C2T.WebApi.csproj", "{143A5779-5B18-4959-9E55-C9F413A1AF26}"
EndProject
Project("{9A19103F-16F7-4668-BE54-9A1E7A4F7556}") = "C2T.UnitTest", "C2T.UnitTest\C2T.UnitTest.csproj", "{B6BCE8F7-48F1-44C7-8A1E-8B2D1736F245}"
EndProject
Project("{9A19103F-16F7-4668-BE54-9A1E7A4F7556}") = "C2T.WebUI", "C2T.WebUI\C2T.WebUI.csproj", "{6AD7608B-FB71-4020-9D68-2B2E53D49BC7}"
EndProject
Project("{E53339B2-1760-4266-BCC7-CA923CBCF16C}") = "docker-compose", "docker-compose.dcproj", "{18CBCC9E-2362-4506-888B-6790B597F137}"
EndProject
Global
	GlobalSection(SolutionConfigurationPlatforms) = preSolution
		Debug|Any CPU = Debug|Any CPU
		Release|Any CPU = Release|Any CPU
	EndGlobalSection
	GlobalSection(ProjectConfigurationPlatforms) = postSolution
		{143A5779-5B18-4959-9E55-C9F413A1AF26}.Debug|Any CPU.ActiveCfg = Debug|Any CPU
		{143A5779-5B18-4959-9E55-C9F413A1AF26}.Debug|Any CPU.Build.0 = Debug|Any CPU
		{143A5779-5B18-4959-9E55-C9F413A1AF26}.Release|Any CPU.ActiveCfg = Release|Any CPU
		{143A5779-5B18-4959-9E55-C9F413A1AF26}.Release|Any CPU.Build.0 = Release|Any CPU
		{B6BCE8F7-48F1-44C7-8A1E-8B2D1736F245}.Debug|Any CPU.ActiveCfg = Debug|Any CPU
		{B6BCE8F7-48F1-44C7-8A1E-8B2D1736F245}.Debug|Any CPU.Build.0 = Debug|Any CPU
		{B6BCE8F7-48F1-44C7-8A1E-8B2D1736F245}.Release|Any CPU.ActiveCfg = Release|Any CPU
		{B6BCE8F7-48F1-44C7-8A1E-8B2D1736F245}.Release|Any CPU.Build.0 = Release|Any CPU
		{6AD7608B-FB71-4020-9D68-2B2E53D49BC7}.Debug|Any CPU.ActiveCfg = Debug|Any CPU
		{6AD7608B-FB71-4020-9D68-2B2E53D49BC7}.Debug|Any CPU.Build.0 = Debug|Any CPU
		{6AD7608B-FB71-4020-9D68-2B2E53D49BC7}.Release|Any CPU.ActiveCfg = Release|Any CPU
		{6AD7608B-FB71-4020-9D68-2B2E53D49BC7}.Release|Any CPU.Build.0 = Release|Any CPU
		{18CBCC9E-2362-4506-888B-6790B597F137}.Debug|Any CPU.ActiveCfg = Debug|Any CPU
		{18CBCC9E-2362-4506-888B-6790B597F137}.Debug|Any CPU.Build.0 = Debug|Any CPU
		{18CBCC9E-2362-4506-888B-6790B597F137}.Release|Any CPU.ActiveCfg = Release|Any CPU
		{18CBCC9E-2362-4506-888B-6790B597F137}.Release|Any CPU.Build.0 = Release|Any CPU
	EndGlobalSection
	GlobalSection(SolutionProperties) = preSolution
		HideSolutionNode = FALSE
	EndGlobalSection
	GlobalSection(ExtensibilityGlobals) = postSolution
		SolutionGuid = {9DC3BD8F-AF85-4DAE-BD91-84810A75D5AC}
	EndGlobalSection
EndGlobal
